{
	"name": "@wso2is/user-portal",
	"version": "0.1.163",
	"lockfileVersion": 1,
	"requires": true,
	"dependencies": {
		"react-skeleton-loader": {
			"version": "1.0.4",
			"resolved": "https://registry.npmjs.org/react-skeleton-loader/-/react-skeleton-loader-1.0.4.tgz",
			"integrity": "sha512-o52c3hmadpaMbQ4Gl8inCiAxjkfQopDJ6PCHfuuLh6NxRqL5ossJ1/FoeONIvOf/r4GC+VOB5an/jr4Qmj59zg=="
		},
		"run-script-os": {
			"version": "1.0.7",
			"resolved": "https://registry.npmjs.org/run-script-os/-/run-script-os-1.0.7.tgz",
			"integrity": "sha512-H4NAhP9PiseQQm3Vpen7CHksfKGqC4dmwoVu/9th97r3XyBrMtkg4jIUiy/8dgzuI9MGwmK/7vf13Wncx+Y4bw==",
			"dev": true
		}
	}
}
