{
	"name": "@wso2is/i18n",
	"version": "1.0.306",
	"lockfileVersion": 1,
	"requires": true,
	"dependencies": {
		"run-script-os": {
			"version": "1.1.1",
			"resolved": "https://registry.npmjs.org/run-script-os/-/run-script-os-1.1.1.tgz",
			"integrity": "sha512-tM3mfchUIpo9WOFioO3eO/lTgRbtqcqBmSkkqfkjXmxn7vvhwykOXxOOKIXFP+ZConvLsS5KskM3yX+XBfDD4g==",
			"dev": true
		}
	}
}
