{
	"name": "@wso2is/theme",
	"version": "0.1.163",
	"lockfileVersion": 1,
	"requires": true,
	"dependencies": {
		"asap": {
			"version": "2.0.6",
			"resolved": "https://registry.npmjs.org/asap/-/asap-2.0.6.tgz",
			"integrity": "sha1-5QNHYR1+aQlDIIu9r+vLwvuGbUY=",
			"dev": true
		},
		"clean-css": {
			"version": "4.2.1",
			"resolved": "https://registry.npmjs.org/clean-css/-/clean-css-4.2.1.tgz",
			"integrity": "sha512-4ZxI6dy4lrY6FHzfiy1aEOXgu4LIsW2MhwG0VBKdcoGoH/XLFgaHSdLTGr4O8Be6A8r3MOphEiI8Gc1n0ecf3g==",
			"dev": true,
			"requires": {
				"source-map": "~0.6.0"
			}
		},
		"less-plugin-npm-import": {
			"version": "2.1.0",
			"resolved": "https://registry.npmjs.org/less-plugin-npm-import/-/less-plugin-npm-import-2.1.0.tgz",
			"integrity": "sha1-gj5phskzGKmBccqFiEi2vq1Vvz4=",
			"dev": true,
			"requires": {
				"promise": "~7.0.1",
				"resolve": "~1.1.6"
			}
		},
		"less-plugin-rewrite-import": {
			"version": "0.1.1",
			"resolved": "https://registry.npmjs.org/less-plugin-rewrite-import/-/less-plugin-rewrite-import-0.1.1.tgz",
			"integrity": "sha1-2Ypu7EjlvTRTaV5F6YSt9cmyj08=",
			"dev": true
		},
		"promise": {
			"version": "7.0.4",
			"resolved": "https://registry.npmjs.org/promise/-/promise-7.0.4.tgz",
			"integrity": "sha1-Nj6EpMNsg1a4kP7WLJHOhdAu1Tk=",
			"dev": true,
			"requires": {
				"asap": "~2.0.3"
			}
		},
		"resolve": {
			"version": "1.1.7",
			"resolved": "https://registry.npmjs.org/resolve/-/resolve-1.1.7.tgz",
			"integrity": "sha1-IDEU2CrSxe2ejgQRs5ModeiJ6Xs=",
			"dev": true
		},
		"source-map": {
			"version": "0.6.1",
			"resolved": "https://registry.npmjs.org/source-map/-/source-map-0.6.1.tgz",
			"integrity": "sha512-UjgapumWlbMhkBgzT7Ykc5YXUT46F0iKu8SGXq0bcwP5dz/h0Plj6enJqjz1Zbq2l5WaqYnrVbwWOWMyF3F47g==",
			"dev": true
		}
	}
}
